
Microsoft Visual Studio Solution File, Format Version 12.00
# Visual Studio Version 16
VisualStudioVersion = 16.0.33801.447
MinimumVisualStudioVersion = 10.0.40219.1
Project("{FAE04EC0-301F-11D3-BF4B-00C04F79EFBC}") = "DudleyApp.UWP", "DudleyApp.UWP\DudleyApp.UWP.csproj", "{AACD1A36-32B5-4D7A-9772-513F3AEDE250}"
EndProject
Project("{FAE04EC0-301F-11D3-BF4B-00C04F79EFBC}") = "DudleyApp.Android", "DudleyApp.Android\DudleyApp.Android.csproj", "{B596C581-3A12-4963-8087-4F577728CAE1}"
EndProject
Project("{FAE04EC0-301F-11D3-BF4B-00C04F79EFBC}") = "DudleyApp.iOS", "DudleyApp.iOS\DudleyApp.iOS.csproj", "{D31C7804-4DC7-402D-BC1F-04C81AFEEE60}"
EndProject
Project("{FAE04EC0-301F-11D3-BF4B-00C04F79EFBC}") = "DudleyApp", "DudleyApp\DudleyApp.csproj", "{D1A5F18B-A229-448A-975A-3657EBFE8E71}"
EndProject
Global
	GlobalSection(SolutionConfigurationPlatforms) = preSolution
		Debug|Any CPU = Debug|Any CPU
		Debug|ARM = Debug|ARM
		Debug|iPhone = Debug|iPhone
		Debug|iPhoneSimulator = Debug|iPhoneSimulator
		Debug|x64 = Debug|x64
		Debug|x86 = Debug|x86
		Release|Any CPU = Release|Any CPU
		Release|ARM = Release|ARM
		Release|iPhone = Release|iPhone
		Release|iPhoneSimulator = Release|iPhoneSimulator
		Release|x64 = Release|x64
		Release|x86 = Release|x86
	EndGlobalSection
	GlobalSection(ProjectConfigurationPlatforms) = postSolution
		{AACD1A36-32B5-4D7A-9772-513F3AEDE250}.Debug|Any CPU.ActiveCfg = Debug|x86
		{AACD1A36-32B5-4D7A-9772-513F3AEDE250}.Debug|Any CPU.Build.0 = Debug|x86
		{AACD1A36-32B5-4D7A-9772-513F3AEDE250}.Debug|Any CPU.Deploy.0 = Debug|x86
		{AACD1A36-32B5-4D7A-9772-513F3AEDE250}.Debug|ARM.ActiveCfg = Debug|ARM
		{AACD1A36-32B5-4D7A-9772-513F3AEDE250}.Debug|ARM.Build.0 = Debug|ARM
		{AACD1A36-32B5-4D7A-9772-513F3AEDE250}.Debug|ARM.Deploy.0 = Debug|ARM
		{AACD1A36-32B5-4D7A-9772-513F3AEDE250}.Debug|iPhone.ActiveCfg = Debug|x86
		{AACD1A36-32B5-4D7A-9772-513F3AEDE250}.Debug|iPhone.Build.0 = Debug|x86
		{AACD1A36-32B5-4D7A-9772-513F3AEDE250}.Debug|iPhone.Deploy.0 = Debug|x86
		{AACD1A36-32B5-4D7A-9772-513F3AEDE250}.Debug|iPhoneSimulator.ActiveCfg = Debug|x86
		{AACD1A36-32B5-4D7A-9772-513F3AEDE250}.Debug|iPhoneSimulator.Build.0 = Debug|x86
		{AACD1A36-32B5-4D7A-9772-513F3AEDE250}.Debug|iPhoneSimulator.Deploy.0 = Debug|x86
		{AACD1A36-32B5-4D7A-9772-513F3AEDE250}.Debug|x64.ActiveCfg = Debug|x64
		{AACD1A36-32B5-4D7A-9772-513F3AEDE250}.Debug|x64.Build.0 = Debug|x64
		{AACD1A36-32B5-4D7A-9772-513F3AEDE250}.Debug|x64.Deploy.0 = Debug|x64
		{AACD1A36-32B5-4D7A-9772-513F3AEDE250}.Debug|x86.ActiveCfg = Debug|x86
		{AACD1A36-32B5-4D7A-9772-513F3AEDE250}.Debug|x86.Build.0 = Debug|x86
		{AACD1A36-32B5-4D7A-9772-513F3AEDE250}.Debug|x86.Deploy.0 = Debug|x86
		{AACD1A36-32B5-4D7A-9772-513F3AEDE250}.Release|Any CPU.ActiveCfg = Release|x86
		{AACD1A36-32B5-4D7A-9772-513F3AEDE250}.Release|Any CPU.Build.0 = Release|x86
		{AACD1A36-32B5-4D7A-9772-513F3AEDE250}.Release|Any CPU.Deploy.0 = Release|x86
		{AACD1A36-32B5-4D7A-9772-513F3AEDE250}.Release|ARM.ActiveCfg = Release|ARM
		{AACD1A36-32B5-4D7A-9772-513F3AEDE250}.Release|ARM.Build.0 = Release|ARM
		{AACD1A36-32B5-4D7A-9772-513F3AEDE250}.Release|ARM.Deploy.0 = Release|ARM
		{AACD1A36-32B5-4D7A-9772-513F3AEDE250}.Release|iPhone.ActiveCfg = Release|x86
		{AACD1A36-32B5-4D7A-9772-513F3AEDE250}.Release|iPhone.Build.0 = Release|x86
		{AACD1A36-32B5-4D7A-9772-513F3AEDE250}.Release|iPhone.Deploy.0 = Release|x86
		{AACD1A36-32B5-4D7A-9772-513F3AEDE250}.Release|iPhoneSimulator.ActiveCfg = Release|x86
		{AACD1A36-32B5-4D7A-9772-513F3AEDE250}.Release|iPhoneSimulator.Build.0 = Release|x86
		{AACD1A36-32B5-4D7A-9772-513F3AEDE250}.Release|iPhoneSimulator.Deploy.0 = Release|x86
		{AACD1A36-32B5-4D7A-9772-513F3AEDE250}.Release|x64.ActiveCfg = Release|x64
		{AACD1A36-32B5-4D7A-9772-513F3AEDE250}.Release|x64.Build.0 = Release|x64
		{AACD1A36-32B5-4D7A-9772-513F3AEDE250}.Release|x64.Deploy.0 = Release|x64
		{AACD1A36-32B5-4D7A-9772-513F3AEDE250}.Release|x86.ActiveCfg = Release|x86
		{AACD1A36-32B5-4D7A-9772-513F3AEDE250}.Release|x86.Build.0 = Release|x86
		{AACD1A36-32B5-4D7A-9772-513F3AEDE250}.Release|x86.Deploy.0 = Release|x86
		{B596C581-3A12-4963-8087-4F577728CAE1}.Debug|Any CPU.ActiveCfg = Debug|Any CPU
		{B596C581-3A12-4963-8087-4F577728CAE1}.Debug|Any CPU.Build.0 = Debug|Any CPU
		{B596C581-3A12-4963-8087-4F577728CAE1}.Debug|Any CPU.Deploy.0 = Debug|Any CPU
		{B596C581-3A12-4963-8087-4F577728CAE1}.Debug|ARM.ActiveCfg = Debug|Any CPU
		{B596C581-3A12-4963-8087-4F577728CAE1}.Debug|ARM.Build.0 = Debug|Any CPU
		{B596C581-3A12-4963-8087-4F577728CAE1}.Debug|ARM.Deploy.0 = Debug|Any CPU
		{B596C581-3A12-4963-8087-4F577728CAE1}.Debug|iPhone.ActiveCfg = Debug|Any CPU
		{B596C581-3A12-4963-8087-4F577728CAE1}.Debug|iPhone.Build.0 = Debug|Any CPU
		{B596C581-3A12-4963-8087-4F577728CAE1}.Debug|iPhone.Deploy.0 = Debug|Any CPU
		{B596C581-3A12-4963-8087-4F577728CAE1}.Debug|iPhoneSimulator.ActiveCfg = Debug|Any CPU
		{B596C581-3A12-4963-8087-4F577728CAE1}.Debug|iPhoneSimulator.Build.0 = Debug|Any CPU
		{B596C581-3A12-4963-8087-4F577728CAE1}.Debug|iPhoneSimulator.Deploy.0 = Debug|Any CPU
		{B596C581-3A12-4963-8087-4F577728CAE1}.Debug|x64.ActiveCfg = Debug|Any CPU
		{B596C581-3A12-4963-8087-4F577728CAE1}.Debug|x64.Build.0 = Debug|Any CPU
		{B596C581-3A12-4963-8087-4F577728CAE1}.Debug|x64.Deploy.0 = Debug|Any CPU
		{B596C581-3A12-4963-8087-4F577728CAE1}.Debug|x86.ActiveCfg = Debug|Any CPU
		{B596C581-3A12-4963-8087-4F577728CAE1}.Debug|x86.Build.0 = Debug|Any CPU
		{B596C581-3A12-4963-8087-4F577728CAE1}.Debug|x86.Deploy.0 = Debug|Any CPU
		{B596C581-3A12-4963-8087-4F577728CAE1}.Release|Any CPU.ActiveCfg = Release|Any CPU
		{B596C581-3A12-4963-8087-4F577728CAE1}.Release|Any CPU.Build.0 = Release|Any CPU
		{B596C581-3A12-4963-8087-4F577728CAE1}.Release|Any CPU.Deploy.0 = Release|Any CPU
		{B596C581-3A12-4963-8087-4F577728CAE1}.Release|ARM.ActiveCfg = Release|Any CPU
		{B596C581-3A12-4963-8087-4F577728CAE1}.Release|ARM.Build.0 = Release|Any CPU
		{B596C581-3A12-4963-8087-4F577728CAE1}.Release|ARM.Deploy.0 = Release|Any CPU
		{B596C581-3A12-4963-8087-4F577728CAE1}.Release|iPhone.ActiveCfg = Release|Any CPU
		{B596C581-3A12-4963-8087-4F577728CAE1}.Release|iPhone.Build.0 = Release|Any CPU
		{B596C581-3A12-4963-8087-4F577728CAE1}.Release|iPhone.Deploy.0 = Release|Any CPU
		{B596C581-3A12-4963-8087-4F577728CAE1}.Release|iPhoneSimulator.ActiveCfg = Release|Any CPU
		{B596C581-3A12-4963-8087-4F577728CAE1}.Release|iPhoneSimulator.Build.0 = Release|Any CPU
		{B596C581-3A12-4963-8087-4F577728CAE1}.Release|iPhoneSimulator.Deploy.0 = Release|Any CPU
		{B596C581-3A12-4963-8087-4F577728CAE1}.Release|x64.ActiveCfg = Release|Any CPU
		{B596C581-3A12-4963-8087-4F577728CAE1}.Release|x64.Build.0 = Release|Any CPU
		{B596C581-3A12-4963-8087-4F577728CAE1}.Release|x64.Deploy.0 = Release|Any CPU
		{B596C581-3A12-4963-8087-4F577728CAE1}.Release|x86.ActiveCfg = Release|Any CPU
		{B596C581-3A12-4963-8087-4F577728CAE1}.Release|x86.Build.0 = Release|Any CPU
		{B596C581-3A12-4963-8087-4F577728CAE1}.Release|x86.Deploy.0 = Release|Any CPU
		{D31C7804-4DC7-402D-BC1F-04C81AFEEE60}.Debug|Any CPU.ActiveCfg = Debug|iPhoneSimulator
		{D31C7804-4DC7-402D-BC1F-04C81AFEEE60}.Debug|Any CPU.Build.0 = Debug|iPhoneSimulator
		{D31C7804-4DC7-402D-BC1F-04C81AFEEE60}.Debug|Any CPU.Deploy.0 = Debug|iPhoneSimulator
		{D31C7804-4DC7-402D-BC1F-04C81AFEEE60}.Debug|ARM.ActiveCfg = Debug|iPhone
		{D31C7804-4DC7-402D-BC1F-04C81AFEEE60}.Debug|ARM.Build.0 = Debug|iPhone
		{D31C7804-4DC7-402D-BC1F-04C81AFEEE60}.Debug|ARM.Deploy.0 = Debug|iPhone
		{D31C7804-4DC7-402D-BC1F-04C81AFEEE60}.Debug|iPhone.ActiveCfg = Debug|iPhone
		{D31C7804-4DC7-402D-BC1F-04C81AFEEE60}.Debug|iPhone.Build.0 = Debug|iPhone
		{D31C7804-4DC7-402D-BC1F-04C81AFEEE60}.Debug|iPhone.Deploy.0 = Debug|iPhone
		{D31C7804-4DC7-402D-BC1F-04C81AFEEE60}.Debug|iPhoneSimulator.ActiveCfg = Debug|iPhoneSimulator
		{D31C7804-4DC7-402D-BC1F-04C81AFEEE60}.Debug|iPhoneSimulator.Build.0 = Debug|iPhoneSimulator
		{D31C7804-4DC7-402D-BC1F-04C81AFEEE60}.Debug|iPhoneSimulator.Deploy.0 = Debug|iPhoneSimulator
		{D31C7804-4DC7-402D-BC1F-04C81AFEEE60}.Debug|x64.ActiveCfg = Debug|iPhoneSimulator
		{D31C7804-4DC7-402D-BC1F-04C81AFEEE60}.Debug|x64.Build.0 = Debug|iPhoneSimulator
		{D31C7804-4DC7-402D-BC1F-04C81AFEEE60}.Debug|x64.Deploy.0 = Debug|iPhoneSimulator
		{D31C7804-4DC7-402D-BC1F-04C81AFEEE60}.Debug|x86.ActiveCfg = Debug|iPhoneSimulator
		{D31C7804-4DC7-402D-BC1F-04C81AFEEE60}.Debug|x86.Build.0 = Debug|iPhoneSimulator
		{D31C7804-4DC7-402D-BC1F-04C81AFEEE60}.Debug|x86.Deploy.0 = Debug|iPhoneSimulator
		{D31C7804-4DC7-402D-BC1F-04C81AFEEE60}.Release|Any CPU.ActiveCfg = Release|iPhoneSimulator
		{D31C7804-4DC7-402D-BC1F-04C81AFEEE60}.Release|Any CPU.Build.0 = Release|iPhoneSimulator
		{D31C7804-4DC7-402D-BC1F-04C81AFEEE60}.Release|Any CPU.Deploy.0 = Release|iPhoneSimulator
		{D31C7804-4DC7-402D-BC1F-04C81AFEEE60}.Release|ARM.ActiveCfg = Release|iPhoneSimulator
		{D31C7804-4DC7-402D-BC1F-04C81AFEEE60}.Release|ARM.Build.0 = Release|iPhoneSimulator
		{D31C7804-4DC7-402D-BC1F-04C81AFEEE60}.Release|ARM.Deploy.0 = Release|iPhoneSimulator
		{D31C7804-4DC7-402D-BC1F-04C81AFEEE60}.Release|iPhone.ActiveCfg = Release|iPhone
		{D31C7804-4DC7-402D-BC1F-04C81AFEEE60}.Release|iPhone.Build.0 = Release|iPhone
		{D31C7804-4DC7-402D-BC1F-04C81AFEEE60}.Release|iPhone.Deploy.0 = Release|iPhone
		{D31C7804-4DC7-402D-BC1F-04C81AFEEE60}.Release|iPhoneSimulator.ActiveCfg = Release|iPhoneSimulator
		{D31C7804-4DC7-402D-BC1F-04C81AFEEE60}.Release|iPhoneSimulator.Build.0 = Release|iPhoneSimulator
		{D31C7804-4DC7-402D-BC1F-04C81AFEEE60}.Release|iPhoneSimulator.Deploy.0 = Release|iPhoneSimulator
		{D31C7804-4DC7-402D-BC1F-04C81AFEEE60}.Release|x64.ActiveCfg = Release|iPhoneSimulator
		{D31C7804-4DC7-402D-BC1F-04C81AFEEE60}.Release|x64.Build.0 = Release|iPhoneSimulator
		{D31C7804-4DC7-402D-BC1F-04C81AFEEE60}.Release|x64.Deploy.0 = Release|iPhoneSimulator
		{D31C7804-4DC7-402D-BC1F-04C81AFEEE60}.Release|x86.ActiveCfg = Release|iPhoneSimulator
		{D31C7804-4DC7-402D-BC1F-04C81AFEEE60}.Release|x86.Build.0 = Release|iPhoneSimulator
		{D31C7804-4DC7-402D-BC1F-04C81AFEEE60}.Release|x86.Deploy.0 = Release|iPhoneSimulator
		{D1A5F18B-A229-448A-975A-3657EBFE8E71}.Debug|Any CPU.ActiveCfg = Debug|Any CPU
		{D1A5F18B-A229-448A-975A-3657EBFE8E71}.Debug|Any CPU.Build.0 = Debug|Any CPU
		{D1A5F18B-A229-448A-975A-3657EBFE8E71}.Debug|Any CPU.Deploy.0 = Debug|Any CPU
		{D1A5F18B-A229-448A-975A-3657EBFE8E71}.Debug|ARM.ActiveCfg = Debug|Any CPU
		{D1A5F18B-A229-448A-975A-3657EBFE8E71}.Debug|ARM.Build.0 = Debug|Any CPU
		{D1A5F18B-A229-448A-975A-3657EBFE8E71}.Debug|ARM.Deploy.0 = Debug|Any CPU
		{D1A5F18B-A229-448A-975A-3657EBFE8E71}.Debug|iPhone.ActiveCfg = Debug|Any CPU
		{D1A5F18B-A229-448A-975A-3657EBFE8E71}.Debug|iPhone.Build.0 = Debug|Any CPU
		{D1A5F18B-A229-448A-975A-3657EBFE8E71}.Debug|iPhone.Deploy.0 = Debug|Any CPU
		{D1A5F18B-A229-448A-975A-3657EBFE8E71}.Debug|iPhoneSimulator.ActiveCfg = Debug|Any CPU
		{D1A5F18B-A229-448A-975A-3657EBFE8E71}.Debug|iPhoneSimulator.Build.0 = Debug|Any CPU
		{D1A5F18B-A229-448A-975A-3657EBFE8E71}.Debug|iPhoneSimulator.Deploy.0 = Debug|Any CPU
		{D1A5F18B-A229-448A-975A-3657EBFE8E71}.Debug|x64.ActiveCfg = Debug|Any CPU
		{D1A5F18B-A229-448A-975A-3657EBFE8E71}.Debug|x64.Build.0 = Debug|Any CPU
		{D1A5F18B-A229-448A-975A-3657EBFE8E71}.Debug|x64.Deploy.0 = Debug|Any CPU
		{D1A5F18B-A229-448A-975A-3657EBFE8E71}.Debug|x86.ActiveCfg = Debug|Any CPU
		{D1A5F18B-A229-448A-975A-3657EBFE8E71}.Debug|x86.Build.0 = Debug|Any CPU
		{D1A5F18B-A229-448A-975A-3657EBFE8E71}.Debug|x86.Deploy.0 = Debug|Any CPU
		{D1A5F18B-A229-448A-975A-3657EBFE8E71}.Release|Any CPU.ActiveCfg = Release|Any CPU
		{D1A5F18B-A229-448A-975A-3657EBFE8E71}.Release|Any CPU.Build.0 = Release|Any CPU
		{D1A5F18B-A229-448A-975A-3657EBFE8E71}.Release|Any CPU.Deploy.0 = Release|Any CPU
		{D1A5F18B-A229-448A-975A-3657EBFE8E71}.Release|ARM.ActiveCfg = Release|Any CPU
		{D1A5F18B-A229-448A-975A-3657EBFE8E71}.Release|ARM.Build.0 = Release|Any CPU
		{D1A5F18B-A229-448A-975A-3657EBFE8E71}.Release|ARM.Deploy.0 = Release|Any CPU
		{D1A5F18B-A229-448A-975A-3657EBFE8E71}.Release|iPhone.ActiveCfg = Release|Any CPU
		{D1A5F18B-A229-448A-975A-3657EBFE8E71}.Release|iPhone.Build.0 = Release|Any CPU
		{D1A5F18B-A229-448A-975A-3657EBFE8E71}.Release|iPhone.Deploy.0 = Release|Any CPU
		{D1A5F18B-A229-448A-975A-3657EBFE8E71}.Release|iPhoneSimulator.ActiveCfg = Release|Any CPU
		{D1A5F18B-A229-448A-975A-3657EBFE8E71}.Release|iPhoneSimulator.Build.0 = Release|Any CPU
		{D1A5F18B-A229-448A-975A-3657EBFE8E71}.Release|iPhoneSimulator.Deploy.0 = Release|Any CPU
		{D1A5F18B-A229-448A-975A-3657EBFE8E71}.Release|x64.ActiveCfg = Release|Any CPU
		{D1A5F18B-A229-448A-975A-3657EBFE8E71}.Release|x64.Build.0 = Release|Any CPU
		{D1A5F18B-A229-448A-975A-3657EBFE8E71}.Release|x64.Deploy.0 = Release|Any CPU
		{D1A5F18B-A229-448A-975A-3657EBFE8E71}.Release|x86.ActiveCfg = Release|Any CPU
		{D1A5F18B-A229-448A-975A-3657EBFE8E71}.Release|x86.Build.0 = Release|Any CPU
		{D1A5F18B-A229-448A-975A-3657EBFE8E71}.Release|x86.Deploy.0 = Release|Any CPU
	EndGlobalSection
	GlobalSection(SolutionProperties) = preSolution
		HideSolutionNode = FALSE
	EndGlobalSection
	GlobalSection(ExtensibilityGlobals) = postSolution
		SolutionGuid = {5B05DBA4-CFB4-4667-98D7-DED0645B294C}
	EndGlobalSection
EndGlobal
